Microsoft Visual Studio Solution File, Format Version 12.00
# 17
VisualStudioVersion = 17.11.35327.3
MinimumVisualStudioVersion = 10.0.40219.1
Project("{9A19103F-16F7-4668-BE54-9A1E7A4F7556}") = "DelSubDirs", "DelSubDirs.csproj", "{20C6B486-19C6-40E5-A644-D1DDF3E938A8}"
EndProject
Global
	GlobalSection(SolutionConfigurationPlatforms) = preSolution
		Debug|Any CPU = Debug|Any CPU
		Release|Any CPU = Release|Any CPU
	EndGlobalSection
	GlobalSection(ProjectConfigurationPlatforms) = postSolution
		{20C6B486-19C6-40E5-A644-D1DDF3E938A8}.Debug|Any CPU.ActiveCfg = Debug|Any CPU
		{20C6B486-19C6-40E5-A644-D1DDF3E938A8}.Debug|Any CPU.Build.0 = Debug|Any CPU
		{20C6B486-19C6-40E5-A644-D1DDF3E938A8}.Release|Any CPU.ActiveCfg = Release|Any CPU
		{20C6B486-19C6-40E5-A644-D1DDF3E938A8}.Release|Any CPU.Build.0 = Release|Any CPU
	EndGlobalSection
	GlobalSection(SolutionProperties) = preSolution
		HideSolutionNode = FALSE
	EndGlobalSection
	GlobalSection(ExtensibilityGlobals) = postSolution
		SolutionGuid = {50C674B7-1485-4B2D-8D2E-5DB6FEB148B2}
	EndGlobalSection
EndGlobal
